// !$*UTF8*$!
{
	archiveVersion = 1;
	classes = {
	};
	objectVersion = 46;
	objects = {

/* Begin PBXBuildFile section */
		C1969AFF1B628013006DB572 /* AppDelegate.swift in Sources */ = {isa = PBXBuildFile; fileRef = C1969AFE1B628013006DB572 /* AppDelegate.swift */; };
		C1969B011B628013006DB572 /* ViewController.swift in Sources */ = {isa = PBXBuildFile; fileRef = C1969B001B628013006DB572 /* ViewController.swift */; };
		C1969B041B628013006DB572 /* Main.storyboard in Resources */ = {isa = PBXBuildFile; fileRef = C1969B021B628013006DB572 /* Main.storyboard */; };
		C1969B061B628013006DB572 /* Images.xcassets in Resources */ = {isa = PBXBuildFile; fileRef = C1969B051B628013006DB572 /* Images.xcassets */; };
		C1969B091B628013006DB572 /* LaunchScreen.xib in Resources */ = {isa = PBXBuildFile; fileRef = C1969B071B628013006DB572 /* LaunchScreen.xib */; };
		C1969B151B628013006DB572 /* gameTests.swift in Sources */ = {isa = PBXBuildFile; fileRef = C1969B141B628013006DB572 /* gameTests.swift */; };
		C1969B281B628180006DB572 /* InterfaceController.swift in Sources */ = {isa = PBXBuildFile; fileRef = C1969B271B628180006DB572 /* InterfaceController.swift */; };
		C1969B2A1B628180006DB572 /* NotificationController.swift in Sources */ = {isa = PBXBuildFile; fileRef = C1969B291B628180006DB572 /* NotificationController.swift */; };
		C1969B2C1B628180006DB572 /* Images.xcassets in Resources */ = {isa = PBXBuildFile; fileRef = C1969B2B1B628180006DB572 /* Images.xcassets */; };
		C1969B301B628180006DB572 /* game WatchKit App.app in Resources */ = {isa = PBXBuildFile; fileRef = C1969B2F1B628180006DB572 /* game WatchKit App.app */; };
		C1969B381B628180006DB572 /* Interface.storyboard in Resources */ = {isa = PBXBuildFile; fileRef = C1969B361B628180006DB572 /* Interface.storyboard */; };
		C1969B3A1B628180006DB572 /* Images.xcassets in Resources */ = {isa = PBXBuildFile; fileRef = C1969B391B628180006DB572 /* Images.xcassets */; };
		C1969B3D1B628180006DB572 /* game WatchKit Extension.appex in Embed App Extensions */ = {isa = PBXBuildFile; fileRef = C1969B221B628180006DB572 /* game WatchKit Extension.appex */; settings = {ATTRIBUTES = (RemoveHeadersOnCopy, ); }; };
		C1969B461B628B9D006DB572 /* GameStatController.swift in Sources */ = {isa = PBXBuildFile; fileRef = C1969B451B628B9D006DB572 /* GameStatController.swift */; };
/* End PBXBuildFile section */

/* Begin PBXContainerItemProxy section */
		C1969B0F1B628013006DB572 /* PBXContainerItemProxy */ = {
			isa = PBXContainerItemProxy;
			containerPortal = C1969AF11B628013006DB572 /* Project object */;
			proxyType = 1;
			remoteGlobalIDString = C1969AF81B628013006DB572;
			remoteInfo = game;
		};
		C1969B311B628180006DB572 /* PBXContainerItemProxy */ = {
			isa = PBXContainerItemProxy;
			containerPortal = C1969AF11B628013006DB572 /* Project object */;
			proxyType = 1;
			remoteGlobalIDString = C1969B2E1B628180006DB572;
			remoteInfo = "game WatchKit App";
		};
		C1969B3B1B628180006DB572 /* PBXContainerItemProxy */ = {
			isa = PBXContainerItemProxy;
			containerPortal = C1969AF11B628013006DB572 /* Project object */;
			proxyType = 1;
			remoteGlobalIDString = C1969B211B628180006DB572;
			remoteInfo = "game WatchKit Extension";
		};
/* End PBXContainerItemProxy section */

/* Begin PBXCopyFilesBuildPhase section */
		C1969B441B628180006DB572 /* Embed App Extensions */ = {
			isa = PBXCopyFilesBuildPhase;
			buildActionMask = 2147483647;
			dstPath = "";
			dstSubfolderSpec = 13;
			files = (
				C1969B3D1B628180006DB572 /* game WatchKit Extension.appex in Embed App Extensions */,
			);
			name = "Embed App Extensions";
			runOnlyForDeploymentPostprocessing = 0;
		};
/* End PBXCopyFilesBuildPhase section */

/* Begin PBXFileReference section */
		C1969AF91B628013006DB572 /* game.app */ = {isa = PBXFileReference; explicitFileType = wrapper.application; includeInIndex = 0; path = game.app; sourceTree = BUILT_PRODUCTS_DIR; };
		C1969AFD1B628013006DB572 /* Info.plist */ = {isa = PBXFileReference; lastKnownFileType = text.plist.xml; path = Info.plist; sourceTree = "<group>"; };
		C1969AFE1B628013006DB572 /* AppDelegate.swift */ = {isa = PBXFileReference; lastKnownFileType = sourcecode.swift; path = AppDelegate.swift; sourceTree = "<group>"; };
		C1969B001B628013006DB572 /* ViewController.swift */ = {isa = PBXFileReference; lastKnownFileType = sourcecode.swift; path = ViewController.swift; sourceTree = "<group>"; };
		C1969B031B628013006DB572 /* Base */ = {isa = PBXFileReference; lastKnownFileType = file.storyboard; name = Base; path = Base.lproj/Main.storyboard; sourceTree = "<group>"; };
		C1969B051B628013006DB572 /* Images.xcassets */ = {isa = PBXFileReference; lastKnownFileType = folder.assetcatalog; path = Images.xcassets; sourceTree = "<group>"; };
		C1969B081B628013006DB572 /* Base */ = {isa = PBXFileReference; lastKnownFileType = file.xib; name = Base; path = Base.lproj/LaunchScreen.xib; sourceTree = "<group>"; };
		C1969B0E1B628013006DB572 /* gameTests.xctest */ = {isa = PBXFileReference; explicitFileType = wrapper.cfbundle; includeInIndex = 0; path = gameTests.xctest; sourceTree = BUILT_PRODUCTS_DIR; };
		C1969B131B628013006DB572 /* Info.plist */ = {isa = PBXFileReference; lastKnownFileType = text.plist.xml; path = Info.plist; sourceTree = "<group>"; };
		C1969B141B628013006DB572 /* gameTests.swift */ = {isa = PBXFileReference; lastKnownFileType = sourcecode.swift; path = gameTests.swift; sourceTree = "<group>"; };
		C1969B221B628180006DB572 /* game WatchKit Extension.appex */ = {isa = PBXFileReference; explicitFileType = "wrapper.app-extension"; includeInIndex = 0; path = "game WatchKit Extension.appex"; sourceTree = BUILT_PRODUCTS_DIR; };
		C1969B251B628180006DB572 /* Info.plist */ = {isa = PBXFileReference; lastKnownFileType = text.plist.xml; path = Info.plist; sourceTree = "<group>"; };
		C1969B261B628180006DB572 /* PushNotificationPayload.apns */ = {isa = PBXFileReference; lastKnownFileType = text; path = PushNotificationPayload.apns; sourceTree = "<group>"; };
		C1969B271B628180006DB572 /* InterfaceController.swift */ = {isa = PBXFileReference; lastKnownFileType = sourcecode.swift; path = InterfaceController.swift; sourceTree = "<group>"; };
		C1969B291B628180006DB572 /* NotificationController.swift */ = {isa = PBXFileReference; lastKnownFileType = sourcecode.swift; path = NotificationController.swift; sourceTree = "<group>"; };
		C1969B2B1B628180006DB572 /* Images.xcassets */ = {isa = PBXFileReference; lastKnownFileType = folder.assetcatalog; path = Images.xcassets; sourceTree = "<group>"; };
		C1969B2F1B628180006DB572 /* game WatchKit App.app */ = {isa = PBXFileReference; explicitFileType = wrapper.application; includeInIndex = 0; path = "game WatchKit App.app"; sourceTree = BUILT_PRODUCTS_DIR; };
		C1969B351B628180006DB572 /* Info.plist */ = {isa = PBXFileReference; lastKnownFileType = text.plist.xml; path = Info.plist; sourceTree = "<group>"; };
		C1969B371B628180006DB572 /* Base */ = {isa = PBXFileReference; lastKnownFileType = file.storyboard; name = Base; path = Base.lproj/Interface.storyboard; sourceTree = "<group>"; };
		C1969B391B628180006DB572 /* Images.xcassets */ = {isa = PBXFileReference; lastKnownFileType = folder.assetcatalog; path = Images.xcassets; sourceTree = "<group>"; };
		C1969B451B628B9D006DB572 /* GameStatController.swift */ = {isa = PBXFileReference; fileEncoding = 4; lastKnownFileType = sourcecode.swift; path = GameStatController.swift; sourceTree = "<group>"; };
		C1969B471B628D04006DB572 /* game.entitlements */ = {isa = PBXFileReference; lastKnownFileType = text.xml; path = game.entitlements; sourceTree = "<group>"; };
		C1969B481B628D27006DB572 /* game WatchKit Extension.entitlements */ = {isa = PBXFileReference; lastKnownFileType = text.xml; path = "game WatchKit Extension.entitlements"; sourceTree = "<group>"; };
/* End PBXFileReference section */

/* Begin PBXFrameworksBuildPhase section */
		C1969AF61B628013006DB572 /* Frameworks */ = {
			isa = PBXFrameworksBuildPhase;
			buildActionMask = 2147483647;
			files = (
			);
			runOnlyForDeploymentPostprocessing = 0;
		};
		C1969B0B1B628013006DB572 /* Frameworks */ = {
			isa = PBXFrameworksBuildPhase;
			buildActionMask = 2147483647;
			files = (
			);
			runOnlyForDeploymentPostprocessing = 0;
		};
		C1969B1F1B628180006DB572 /* Frameworks */ = {
			isa = PBXFrameworksBuildPhase;
			buildActionMask = 2147483647;
			files = (
			);
			runOnlyForDeploymentPostprocessing = 0;
		};
/* End PBXFrameworksBuildPhase section */

/* Begin PBXGroup section */
		C1969AF01B628013006DB572 = {
			isa = PBXGroup;
			children = (
				C1969AFB1B628013006DB572 /* game */,
				C1969B111B628013006DB572 /* gameTests */,
				C1969B231B628180006DB572 /* game WatchKit Extension */,
				C1969B331B628180006DB572 /* game WatchKit App */,
				C1969AFA1B628013006DB572 /* Products */,
			);
			sourceTree = "<group>";
		};
		C1969AFA1B628013006DB572 /* Products */ = {
			isa = PBXGroup;
			children = (
				C1969AF91B628013006DB572 /* game.app */,
				C1969B0E1B628013006DB572 /* gameTests.xctest */,
				C1969B221B628180006DB572 /* game WatchKit Extension.appex */,
				C1969B2F1B628180006DB572 /* game WatchKit App.app */,
			);
			name = Products;
			sourceTree = "<group>";
		};
		C1969AFB1B628013006DB572 /* game */ = {
			isa = PBXGroup;
			children = (
				C1969B471B628D04006DB572 /* game.entitlements */,
				C1969AFE1B628013006DB572 /* AppDelegate.swift */,
				C1969B001B628013006DB572 /* ViewController.swift */,
				C1969B021B628013006DB572 /* Main.storyboard */,
				C1969B051B628013006DB572 /* Images.xcassets */,
				C1969B071B628013006DB572 /* LaunchScreen.xib */,
				C1969AFC1B628013006DB572 /* Supporting Files */,
			);
			path = game;
			sourceTree = "<group>";
		};
		C1969AFC1B628013006DB572 /* Supporting Files */ = {
			isa = PBXGroup;
			children = (
				C1969AFD1B628013006DB572 /* Info.plist */,
			);
			name = "Supporting Files";
			sourceTree = "<group>";
		};
		C1969B111B628013006DB572 /* gameTests */ = {
			isa = PBXGroup;
			children = (
				C1969B141B628013006DB572 /* gameTests.swift */,
				C1969B121B628013006DB572 /* Supporting Files */,
			);
			path = gameTests;
			sourceTree = "<group>";
		};
		C1969B121B628013006DB572 /* Supporting Files */ = {
			isa = PBXGroup;
			children = (
				C1969B131B628013006DB572 /* Info.plist */,
			);
			name = "Supporting Files";
			sourceTree = "<group>";
		};
		C1969B231B628180006DB572 /* game WatchKit Extension */ = {
			isa = PBXGroup;
			children = (
				C1969B481B628D27006DB572 /* game WatchKit Extension.entitlements */,
				C1969B271B628180006DB572 /* InterfaceController.swift */,
				C1969B451B628B9D006DB572 /* GameStatController.swift */,
				C1969B291B628180006DB572 /* NotificationController.swift */,
				C1969B2B1B628180006DB572 /* Images.xcassets */,
				C1969B241B628180006DB572 /* Supporting Files */,
			);
			path = "game WatchKit Extension";
			sourceTree = "<group>";
		};
		C1969B241B628180006DB572 /* Supporting Files */ = {
			isa = PBXGroup;
			children = (
				C1969B251B628180006DB572 /* Info.plist */,
				C1969B261B628180006DB572 /* PushNotificationPayload.apns */,
			);
			name = "Supporting Files";
			sourceTree = "<group>";
		};
		C1969B331B628180006DB572 /* game WatchKit App */ = {
			isa = PBXGroup;
			children = (
				C1969B361B628180006DB572 /* Interface.storyboard */,
				C1969B391B628180006DB572 /* Images.xcassets */,
				C1969B341B628180006DB572 /* Supporting Files */,
			);
			path = "game WatchKit App";
			sourceTree = "<group>";
		};
		C1969B341B628180006DB572 /* Supporting Files */ = {
			isa = PBXGroup;
			children = (
				C1969B351B628180006DB572 /* Info.plist */,
			);
			name = "Supporting Files";
			sourceTree = "<group>";
		};
/* End PBXGroup section */

/* Begin PBXNativeTarget section */
		C1969AF81B628013006DB572 /* game */ = {
			isa = PBXNativeTarget;
			buildConfigurationList = C1969B181B628013006DB572 /* Build configuration list for PBXNativeTarget "game" */;
			buildPhases = (
				C1969AF51B628013006DB572 /* Sources */,
				C1969AF61B628013006DB572 /* Frameworks */,
				C1969AF71B628013006DB572 /* Resources */,
				C1969B441B628180006DB572 /* Embed App Extensions */,
			);
			buildRules = (
			);
			dependencies = (
				C1969B3C1B628180006DB572 /* PBXTargetDependency */,
			);
			name = game;
			productName = game;
			productReference = C1969AF91B628013006DB572 /* game.app */;
			productType = "com.apple.product-type.application";
		};
		C1969B0D1B628013006DB572 /* gameTests */ = {
			isa = PBXNativeTarget;
			buildConfigurationList = C1969B1B1B628013006DB572 /* Build configuration list for PBXNativeTarget "gameTests" */;
			buildPhases = (
				C1969B0A1B628013006DB572 /* Sources */,
				C1969B0B1B628013006DB572 /* Frameworks */,
				C1969B0C1B628013006DB572 /* Resources */,
			);
			buildRules = (
			);
			dependencies = (
				C1969B101B628013006DB572 /* PBXTargetDependency */,
			);
			name = gameTests;
			productName = gameTests;
			productReference = C1969B0E1B628013006DB572 /* gameTests.xctest */;
			productType = "com.apple.product-type.bundle.unit-test";
		};
		C1969B211B628180006DB572 /* game WatchKit Extension */ = {
			isa = PBXNativeTarget;
			buildConfigurationList = C1969B411B628180006DB572 /* Build configuration list for PBXNativeTarget "game WatchKit Extension" */;
			buildPhases = (
				C1969B1E1B628180006DB572 /* Sources */,
				C1969B1F1B628180006DB572 /* Frameworks */,
				C1969B201B628180006DB572 /* Resources */,
			);
			buildRules = (
			);
			dependencies = (
				C1969B321B628180006DB572 /* PBXTargetDependency */,
			);
			name = "game WatchKit Extension";
			productName = "game WatchKit Extension";
			productReference = C1969B221B628180006DB572 /* game WatchKit Extension.appex */;
			productType = "com.apple.product-type.watchkit-extension";
		};
		C1969B2E1B628180006DB572 /* game WatchKit App */ = {
			isa = PBXNativeTarget;
			buildConfigurationList = C1969B3E1B628180006DB572 /* Build configuration list for PBXNativeTarget "game WatchKit App" */;
			buildPhases = (
				C1969B2D1B628180006DB572 /* Resources */,
			);
			buildRules = (
			);
			dependencies = (
			);
			name = "game WatchKit App";
			productName = "game WatchKit App";
			productReference = C1969B2F1B628180006DB572 /* game WatchKit App.app */;
			productType = "com.apple.product-type.application.watchapp";
		};
/* End PBXNativeTarget section */

/* Begin PBXProject section */
		C1969AF11B628013006DB572 /* Project object */ = {
			isa = PBXProject;
			attributes = {
				LastUpgradeCheck = 0640;
				ORGANIZATIONNAME = "Marta Wozniak";
				TargetAttributes = {
					C1969AF81B628013006DB572 = {
						CreatedOnToolsVersion = 6.4;
						DevelopmentTeam = 2B7PA75W9Z;
						SystemCapabilities = {
							com.apple.ApplicationGroups.iOS = {
								enabled = 1;
							};
						};
					};
					C1969B0D1B628013006DB572 = {
						CreatedOnToolsVersion = 6.4;
						TestTargetID = C1969AF81B628013006DB572;
					};
					C1969B211B628180006DB572 = {
						CreatedOnToolsVersion = 6.4;
						DevelopmentTeam = 2B7PA75W9Z;
						SystemCapabilities = {
							com.apple.ApplicationGroups.iOS = {
								enabled = 1;
							};
						};
					};
					C1969B2E1B628180006DB572 = {
						CreatedOnToolsVersion = 6.4;
						DevelopmentTeam = 2B7PA75W9Z;
					};
				};
			};
			buildConfigurationList = C1969AF41B628013006DB572 /* Build configuration list for PBXProject "game" */;
			compatibilityVersion = "Xcode 3.2";
			developmentRegion = English;
			hasScannedForEncodings = 0;
			knownRegions = (
				en,
				Base,
			);
			mainGroup = C1969AF01B628013006DB572;
			productRefGroup = C1969AFA1B628013006DB572 /* Products */;
			projectDirPath = "";
			projectRoot = "";
			targets = (
				C1969AF81B628013006DB572 /* game */,
				C1969B0D1B628013006DB572 /* gameTests */,
				C1969B211B628180006DB572 /* game WatchKit Extension */,
				C1969B2E1B628180006DB572 /* game WatchKit App */,
			);
		};
/* End PBXProject section */

/* Begin PBXResourcesBuildPhase section */
		C1969AF71B628013006DB572 /* Resources */ = {
			isa = PBXResourcesBuildPhase;
			buildActionMask = 2147483647;
			files = (
				C1969B041B628013006DB572 /* Main.storyboard in Resources */,
				C1969B091B628013006DB572 /* LaunchScreen.xib in Resources */,
				C1969B061B628013006DB572 /* Images.xcassets in Resources */,
			);
			runOnlyForDeploymentPostprocessing = 0;
		};
		C1969B0C1B628013006DB572 /* Resources */ = {
			isa = PBXResourcesBuildPhase;
			buildActionMask = 2147483647;
			files = (
			);
			runOnlyForDeploymentPostprocessing = 0;
		};
		C1969B201B628180006DB572 /* Resources */ = {
			isa = PBXResourcesBuildPhase;
			buildActionMask = 2147483647;
			files = (
				C1969B301B628180006DB572 /* game WatchKit App.app in Resources */,
				C1969B2C1B628180006DB572 /* Images.xcassets in Resources */,
			);
			runOnlyForDeploymentPostprocessing = 0;
		};
		C1969B2D1B628180006DB572 /* Resources */ = {
			isa = PBXResourcesBuildPhase;
			buildActionMask = 2147483647;
			files = (
				C1969B381B628180006DB572 /* Interface.storyboard in Resources */,
				C1969B3A1B628180006DB572 /* Images.xcassets in Resources */,
			);
			runOnlyForDeploymentPostprocessing = 0;
		};
/* End PBXResourcesBuildPhase section */

/* Begin PBXSourcesBuildPhase section */
		C1969AF51B628013006DB572 /* Sources */ = {
			isa = PBXSourcesBuildPhase;
			buildActionMask = 2147483647;
			files = (
				C1969B011B628013006DB572 /* ViewController.swift in Sources */,
				C1969AFF1B628013006DB572 /* AppDelegate.swift in Sources */,
			);
			runOnlyForDeploymentPostprocessing = 0;
		};
		C1969B0A1B628013006DB572 /* Sources */ = {
			isa = PBXSourcesBuildPhase;
			buildActionMask = 2147483647;
			files = (
				C1969B151B628013006DB572 /* gameTests.swift in Sources */,
			);
			runOnlyForDeploymentPostprocessing = 0;
		};
		C1969B1E1B628180006DB572 /* Sources */ = {
			isa = PBXSourcesBuildPhase;
			buildActionMask = 2147483647;
			files = (
				C1969B2A1B628180006DB572 /* NotificationController.swift in Sources */,
				C1969B461B628B9D006DB572 /* GameStatController.swift in Sources */,
				C1969B281B628180006DB572 /* InterfaceController.swift in Sources */,
			);
			runOnlyForDeploymentPostprocessing = 0;
		};
/* End PBXSourcesBuildPhase section */

/* Begin PBXTargetDependency section */
		C1969B101B628013006DB572 /* PBXTargetDependency */ = {
			isa = PBXTargetDependency;
			target = C1969AF81B628013006DB572 /* game */;
			targetProxy = C1969B0F1B628013006DB572 /* PBXContainerItemProxy */;
		};
		C1969B321B628180006DB572 /* PBXTargetDependency */ = {
			isa = PBXTargetDependency;
			target = C1969B2E1B628180006DB572 /* game WatchKit App */;
			targetProxy = C1969B311B628180006DB572 /* PBXContainerItemProxy */;
		};
		C1969B3C1B628180006DB572 /* PBXTargetDependency */ = {
			isa = PBXTargetDependency;
			target = C1969B211B628180006DB572 /* game WatchKit Extension */;
			targetProxy = C1969B3B1B628180006DB572 /* PBXContainerItemProxy */;
		};
/* End PBXTargetDependency section */

/* Begin PBXVariantGroup section */
		C1969B021B628013006DB572 /* Main.storyboard */ = {
			isa = PBXVariantGroup;
			children = (
				C1969B031B628013006DB572 /* Base */,
			);
			name = Main.storyboard;
			sourceTree = "<group>";
		};
		C1969B071B628013006DB572 /* LaunchScreen.xib */ = {
			isa = PBXVariantGroup;
			children = (
				C1969B081B628013006DB572 /* Base */,
			);
			name = LaunchScreen.xib;
			sourceTree = "<group>";
		};
		C1969B361B628180006DB572 /* Interface.storyboard */ = {
			isa = PBXVariantGroup;
			children = (
				C1969B371B628180006DB572 /* Base */,
			);
			name = Interface.storyboard;
			sourceTree = "<group>";
		};
/* End PBXVariantGroup section */

/* Begin XCBuildConfiguration section */
		C1969B161B628013006DB572 /* Debug */ = {
			isa = XCBuildConfiguration;
			buildSettings = {
				ALWAYS_SEARCH_USER_PATHS = NO;
				CLANG_CXX_LANGUAGE_STANDARD = "gnu++0x";
				CLANG_CXX_LIBRARY = "libc++";
				CLANG_ENABLE_MODULES = YES;
				CLANG_ENABLE_OBJC_ARC = YES;
				CLANG_WARN_BOOL_CONVERSION = YES;
				CLANG_WARN_CONSTANT_CONVERSION = YES;
				CLANG_WARN_DIRECT_OBJC_ISA_USAGE = YES_ERROR;
				CLANG_WARN_EMPTY_BODY = YES;
				CLANG_WARN_ENUM_CONVERSION = YES;
				CLANG_WARN_INT_CONVERSION = YES;
				CLANG_WARN_OBJC_ROOT_CLASS = YES_ERROR;
				CLANG_WARN_UNREACHABLE_CODE = YES;
				CLANG_WARN__DUPLICATE_METHOD_MATCH = YES;
				"CODE_SIGN_IDENTITY[sdk=iphoneos*]" = "iPhone Developer";
				COPY_PHASE_STRIP = NO;
				DEBUG_INFORMATION_FORMAT = "dwarf-with-dsym";
				ENABLE_STRICT_OBJC_MSGSEND = YES;
				GCC_C_LANGUAGE_STANDARD = gnu99;
				GCC_DYNAMIC_NO_PIC = NO;
				GCC_NO_COMMON_BLOCKS = YES;
				GCC_OPTIMIZATION_LEVEL = 0;
				GCC_PREPROCESSOR_DEFINITIONS = (
					"DEBUG=1",
					"$(inherited)",
				);
				GCC_SYMBOLS_PRIVATE_EXTERN = NO;
				GCC_WARN_64_TO_32_BIT_CONVERSION = YES;
				GCC_WARN_ABOUT_RETURN_TYPE = YES_ERROR;
				GCC_WARN_UNDECLARED_SELECTOR = YES;
				GCC_WARN_UNINITIALIZED_AUTOS = YES_AGGRESSIVE;
				GCC_WARN_UNUSED_FUNCTION = YES;
				GCC_WARN_UNUSED_VARIABLE = YES;
				IPHONEOS_DEPLOYMENT_TARGET = 8.4;
				MTL_ENABLE_DEBUG_INFO = YES;
				ONLY_ACTIVE_ARCH = YES;
				SDKROOT = iphoneos;
				SWIFT_OPTIMIZATION_LEVEL = "-Onone";
				TARGETED_DEVICE_FAMILY = "1,2";
			};
			name = Debug;
		};
		C1969B171B628013006DB572 /* Release */ = {
			isa = XCBuildConfiguration;
			buildSettings = {
				ALWAYS_SEARCH_USER_PATHS = NO;
				CLANG_CXX_LANGUAGE_STANDARD = "gnu++0x";
				CLANG_CXX_LIBRARY = "libc++";
				CLANG_ENABLE_MODULES = YES;
				CLANG_ENABLE_OBJC_ARC = YES;
				CLANG_WARN_BOOL_CONVERSION = YES;
				CLANG_WARN_CONSTANT_CONVERSION = YES;
				CLANG_WARN_DIRECT_OBJC_ISA_USAGE = YES_ERROR;
				CLANG_WARN_EMPTY_BODY = YES;
				CLANG_WARN_ENUM_CONVERSION = YES;
				CLANG_WARN_INT_CONVERSION = YES;
				CLANG_WARN_OBJC_ROOT_CLASS = YES_ERROR;
				CLANG_WARN_UNREACHABLE_CODE = YES;
				CLANG_WARN__DUPLICATE_METHOD_MATCH = YES;
				"CODE_SIGN_IDENTITY[sdk=iphoneos*]" = "iPhone Developer";
				COPY_PHASE_STRIP = NO;
				DEBUG_INFORMATION_FORMAT = "dwarf-with-dsym";
				ENABLE_NS_ASSERTIONS = NO;
				ENABLE_STRICT_OBJC_MSGSEND = YES;
				GCC_C_LANGUAGE_STANDARD = gnu99;
				GCC_NO_COMMON_BLOCKS = YES;
				GCC_WARN_64_TO_32_BIT_CONVERSION = YES;
				GCC_WARN_ABOUT_RETURN_TYPE = YES_ERROR;
				GCC_WARN_UNDECLARED_SELECTOR = YES;
				GCC_WARN_UNINITIALIZED_AUTOS = YES_AGGRESSIVE;
				GCC_WARN_UNUSED_FUNCTION = YES;
				GCC_WARN_UNUSED_VARIABLE = YES;
				IPHONEOS_DEPLOYMENT_TARGET = 8.4;
				MTL_ENABLE_DEBUG_INFO = NO;
				SDKROOT = iphoneos;
				TARGETED_DEVICE_FAMILY = "1,2";
				VALIDATE_PRODUCT = YES;
			};
			name = Release;
		};
		C1969B191B628013006DB572 /* Debug */ = {
			isa = XCBuildConfiguration;
			buildSettings = {
				ASSETCATALOG_COMPILER_APPICON_NAME = AppIcon;
				CODE_SIGN_ENTITLEMENTS = game/game.entitlements;
				CODE_SIGN_IDENTITY = "iPhone Developer";
				"CODE_SIGN_IDENTITY[sdk=iphoneos*]" = "iPhone Developer";
				INFOPLIST_FILE = game/Info.plist;
				LD_RUNPATH_SEARCH_PATHS = "$(inherited) @executable_path/Frameworks";
				PRODUCT_NAME = "$(TARGET_NAME)";
				PROVISIONING_PROFILE = "";
			};
			name = Debug;
		};
		C1969B1A1B628013006DB572 /* Release */ = {
			isa = XCBuildConfiguration;
			buildSettings = {
				ASSETCATALOG_COMPILER_APPICON_NAME = AppIcon;
				CODE_SIGN_ENTITLEMENTS = game/game.entitlements;
				CODE_SIGN_IDENTITY = "iPhone Developer";
				"CODE_SIGN_IDENTITY[sdk=iphoneos*]" = "iPhone Developer";
				INFOPLIST_FILE = game/Info.plist;
				LD_RUNPATH_SEARCH_PATHS = "$(inherited) @executable_path/Frameworks";
				PRODUCT_NAME = "$(TARGET_NAME)";
				PROVISIONING_PROFILE = "";
			};
			name = Release;
		};
		C1969B1C1B628013006DB572 /* Debug */ = {
			isa = XCBuildConfiguration;
			buildSettings = {
				BUNDLE_LOADER = "$(TEST_HOST)";
				FRAMEWORK_SEARCH_PATHS = (
					"$(SDKROOT)/Developer/Library/Frameworks",
					"$(inherited)",
				);
				GCC_PREPROCESSOR_DEFINITIONS = (
					"DEBUG=1",
					"$(inherited)",
				);
				INFOPLIST_FILE = gameTests/Info.plist;
				LD_RUNPATH_SEARCH_PATHS = "$(inherited) @executable_path/Frameworks @loader_path/Frameworks";
				PRODUCT_NAME = "$(TARGET_NAME)";
				TEST_HOST = "$(BUILT_PRODUCTS_DIR)/game.app/game";
			};
			name = Debug;
		};
		C1969B1D1B628013006DB572 /* Release */ = {
			isa = XCBuildConfiguration;
			buildSettings = {
				BUNDLE_LOADER = "$(TEST_HOST)";
				FRAMEWORK_SEARCH_PATHS = (
					"$(SDKROOT)/Developer/Library/Frameworks",
					"$(inherited)",
				);
				INFOPLIST_FILE = gameTests/Info.plist;
				LD_RUNPATH_SEARCH_PATHS = "$(inherited) @executable_path/Frameworks @loader_path/Frameworks";
				PRODUCT_NAME = "$(TARGET_NAME)";
				TEST_HOST = "$(BUILT_PRODUCTS_DIR)/game.app/game";
			};
			name = Release;
		};
		C1969B3F1B628180006DB572 /* Debug */ = {
			isa = XCBuildConfiguration;
			buildSettings = {
				ASSETCATALOG_COMPILER_APPICON_NAME = AppIcon;
				CODE_SIGN_IDENTITY = "iPhone Developer";
				"CODE_SIGN_IDENTITY[sdk=iphoneos*]" = "iPhone Developer";
				GCC_PREPROCESSOR_DEFINITIONS = (
					"DEBUG=1",
					"$(inherited)",
				);
				IBSC_MODULE = game_WatchKit_Extension;
				INFOPLIST_FILE = "game WatchKit App/Info.plist";
				IPHONEOS_DEPLOYMENT_TARGET = 8.2;
				PRODUCT_NAME = "$(TARGET_NAME)";
				PROVISIONING_PROFILE = "";
				SKIP_INSTALL = YES;
				TARGETED_DEVICE_FAMILY = 4;
				"TARGETED_DEVICE_FAMILY[sdk=iphonesimulator*]" = "1,4";
			};
			name = Debug;
		};
		C1969B401B628180006DB572 /* Release */ = {
			isa = XCBuildConfiguration;
			buildSettings = {
				ASSETCATALOG_COMPILER_APPICON_NAME = AppIcon;
				CODE_SIGN_IDENTITY = "iPhone Developer";
				"CODE_SIGN_IDENTITY[sdk=iphoneos*]" = "iPhone Developer";
				IBSC_MODULE = game_WatchKit_Extension;
				INFOPLIST_FILE = "game WatchKit App/Info.plist";
				IPHONEOS_DEPLOYMENT_TARGET = 8.2;
				PRODUCT_NAME = "$(TARGET_NAME)";
				PROVISIONING_PROFILE = "";
				SKIP_INSTALL = YES;
				TARGETED_DEVICE_FAMILY = 4;
				"TARGETED_DEVICE_FAMILY[sdk=iphonesimulator*]" = "1,4";
			};
			name = Release;
		};
		C1969B421B628180006DB572 /* Debug */ = {
			isa = XCBuildConfiguration;
			buildSettings = {
				CODE_SIGN_ENTITLEMENTS = "game WatchKit Extension/game WatchKit Extension.entitlements";
				CODE_SIGN_IDENTITY = "iPhone Developer";
				"CODE_SIGN_IDENTITY[sdk=iphoneos*]" = "iPhone Developer";
				GCC_PREPROCESSOR_DEFINITIONS = (
					"DEBUG=1",
					"$(inherited)",
				);
				INFOPLIST_FILE = "game WatchKit Extension/Info.plist";
				LD_RUNPATH_SEARCH_PATHS = "$(inherited) @executable_path/Frameworks @executable_path/../../Frameworks";
				PRODUCT_NAME = "${TARGET_NAME}";
				PROVISIONING_PROFILE = "";
				SKIP_INSTALL = YES;
			};
			name = Debug;
		};
		C1969B431B628180006DB572 /* Release */ = {
			isa = XCBuildConfiguration;
			buildSettings = {
				CODE_SIGN_ENTITLEMENTS = "game WatchKit Extension/game WatchKit Extension.entitlements";
				CODE_SIGN_IDENTITY = "iPhone Developer";
				"CODE_SIGN_IDENTITY[sdk=iphoneos*]" = "iPhone Developer";
				INFOPLIST_FILE = "game WatchKit Extension/Info.plist";
				LD_RUNPATH_SEARCH_PATHS = "$(inherited) @executable_path/Frameworks @executable_path/../../Frameworks";
				PRODUCT_NAME = "${TARGET_NAME}";
				PROVISIONING_PROFILE = "";
				SKIP_INSTALL = YES;
			};
			name = Release;
		};
/* End XCBuildConfiguration section */

/* Begin XCConfigurationList section */
		C1969AF41B628013006DB572 /* Build configuration list for PBXProject "game" */ = {
			isa = XCConfigurationList;
			buildConfigurations = (
				C1969B161B628013006DB572 /* Debug */,
				C1969B171B628013006DB572 /* Release */,
			);
			defaultConfigurationIsVisible = 0;
			defaultConfigurationName = Release;
		};
		C1969B181B628013006DB572 /* Build configuration list for PBXNativeTarget "game" */ = {
			isa = XCConfigurationList;
			buildConfigurations = (
				C1969B191B628013006DB572 /* Debug */,
				C1969B1A1B628013006DB572 /* Release */,
			);
			defaultConfigurationIsVisible = 0;
			defaultConfigurationName = Release;
		};
		C1969B1B1B628013006DB572 /* Build configuration list for PBXNativeTarget "gameTests" */ = {
			isa = XCConfigurationList;
			buildConfigurations = (
				C1969B1C1B628013006DB572 /* Debug */,
				C1969B1D1B628013006DB572 /* Release */,
			);
			defaultConfigurationIsVisible = 0;
			defaultConfigurationName = Release;
		};
		C1969B3E1B628180006DB572 /* Build configuration list for PBXNativeTarget "game WatchKit App" */ = {
			isa = XCConfigurationList;
			buildConfigurations = (
				C1969B3F1B628180006DB572 /* Debug */,
				C1969B401B628180006DB572 /* Release */,
			);
			defaultConfigurationIsVisible = 0;
			defaultConfigurationName = Release;
		};
		C1969B411B628180006DB572 /* Build configuration list for PBXNativeTarget "game WatchKit Extension" */ = {
			isa = XCConfigurationList;
			buildConfigurations = (
				C1969B421B628180006DB572 /* Debug */,
				C1969B431B628180006DB572 /* Release */,
			);
			defaultConfigurationIsVisible = 0;
			defaultConfigurationName = Release;
		};
/* End XCConfigurationList section */
	};
	rootObject = C1969AF11B628013006DB572 /* Project object */;
}
